// !$*UTF8*$!
{
	archiveVersion = 1;
	classes = {
	};
	objectVersion = 46;
	objects = {

/* Begin PBXBuildFile section */
		7A45ABA91E92297700AF1A9C /* AppDelegate.swift in Sources */ = {isa = PBXBuildFile; fileRef = 7A45ABA81E92297700AF1A9C /* AppDelegate.swift */; };
		7A45ABAB1E92297700AF1A9C /* ViewController.swift in Sources */ = {isa = PBXBuildFile; fileRef = 7A45ABAA1E92297700AF1A9C /* ViewController.swift */; };
		7A45ABAE1E92297700AF1A9C /* Main.storyboard in Resources */ = {isa = PBXBuildFile; fileRef = 7A45ABAC1E92297700AF1A9C /* Main.storyboard */; };
		7A45ABB01E92297700AF1A9C /* Assets.xcassets in Resources */ = {isa = PBXBuildFile; fileRef = 7A45ABAF1E92297700AF1A9C /* Assets.xcassets */; };
		7A45ABB31E92297700AF1A9C /* LaunchScreen.storyboard in Resources */ = {isa = PBXBuildFile; fileRef = 7A45ABB11E92297700AF1A9C /* LaunchScreen.storyboard */; };
/* End PBXBuildFile section */

/* Begin PBXFileReference section */
		7A45ABA51E92297700AF1A9C /* sampleAVCaptureMetadataApp.app */ = {isa = PBXFileReference; explicitFileType = wrapper.application; includeInIndex = 0; path = sampleAVCaptureMetadataApp.app; sourceTree = BUILT_PRODUCTS_DIR; };
		7A45ABA81E92297700AF1A9C /* AppDelegate.swift */ = {isa = PBXFileReference; lastKnownFileType = sourcecode.swift; path = AppDelegate.swift; sourceTree = "<group>"; };
		7A45ABAA1E92297700AF1A9C /* ViewController.swift */ = {isa = PBXFileReference; lastKnownFileType = sourcecode.swift; path = ViewController.swift; sourceTree = "<group>"; };
		7A45ABAD1E92297700AF1A9C /* Base */ = {isa = PBXFileReference; lastKnownFileType = file.storyboard; name = Base; path = Base.lproj/Main.storyboard; sourceTree = "<group>"; };
		7A45ABAF1E92297700AF1A9C /* Assets.xcassets */ = {isa = PBXFileReference; lastKnownFileType = folder.assetcatalog; path = Assets.xcassets; sourceTree = "<group>"; };
		7A45ABB21E92297700AF1A9C /* Base */ = {isa = PBXFileReference; lastKnownFileType = file.storyboard; name = Base; path = Base.lproj/LaunchScreen.storyboard; sourceTree = "<group>"; };
		7A45ABB41E92297700AF1A9C /* Info.plist */ = {isa = PBXFileReference; lastKnownFileType = text.plist.xml; path = Info.plist; sourceTree = "<group>"; };
/* End PBXFileReference section */

/* Begin PBXFrameworksBuildPhase section */
		7A45ABA21E92297700AF1A9C /* Frameworks */ = {
			isa = PBXFrameworksBuildPhase;
			buildActionMask = 2147483647;
			files = (
			);
			runOnlyForDeploymentPostprocessing = 0;
		};
/* End PBXFrameworksBuildPhase section */

/* Begin PBXGroup section */
		7A45AB9C1E92297700AF1A9C = {
			isa = PBXGroup;
			children = (
				7A45ABA71E92297700AF1A9C /* sampleAVCaptureMetadataApp */,
				7A45ABA61E92297700AF1A9C /* Products */,
			);
			sourceTree = "<group>";
		};
		7A45ABA61E92297700AF1A9C /* Products */ = {
			isa = PBXGroup;
			children = (
				7A45ABA51E92297700AF1A9C /* sampleAVCaptureMetadataApp.app */,
			);
			name = Products;
			sourceTree = "<group>";
		};
		7A45ABA71E92297700AF1A9C /* sampleAVCaptureMetadataApp */ = {
			isa = PBXGroup;
			children = (
				7A45ABA81E92297700AF1A9C /* AppDelegate.swift */,
				7A45ABAA1E92297700AF1A9C /* ViewController.swift */,
				7A45ABAC1E92297700AF1A9C /* Main.storyboard */,
				7A45ABAF1E92297700AF1A9C /* Assets.xcassets */,
				7A45ABB11E92297700AF1A9C /* LaunchScreen.storyboard */,
				7A45ABB41E92297700AF1A9C /* Info.plist */,
			);
			path = sampleAVCaptureMetadataApp;
			sourceTree = "<group>";
		};
/* End PBXGroup section */

/* Begin PBXNativeTarget section */
		7A45ABA41E92297700AF1A9C /* sampleAVCaptureMetadataApp */ = {
			isa = PBXNativeTarget;
			buildConfigurationList = 7A45ABB71E92297700AF1A9C /* Build configuration list for PBXNativeTarget "sampleAVCaptureMetadataApp" */;
			buildPhases = (
				7A45ABA11E92297700AF1A9C /* Sources */,
				7A45ABA21E92297700AF1A9C /* Frameworks */,
				7A45ABA31E92297700AF1A9C /* Resources */,
			);
			buildRules = (
			);
			dependencies = (
			);
			name = sampleAVCaptureMetadataApp;
			productName = sampleAVCaptureMetadataApp;
			productReference = 7A45ABA51E92297700AF1A9C /* sampleAVCaptureMetadataApp.app */;
			productType = "com.apple.product-type.application";
		};
/* End PBXNativeTarget section */

/* Begin PBXProject section */
		7A45AB9D1E92297700AF1A9C /* Project object */ = {
			isa = PBXProject;
			attributes = {
				LastSwiftUpdateCheck = 0820;
				LastUpgradeCheck = 0820;
				ORGANIZATIONNAME = "Muneharu Onoue";
				TargetAttributes = {
					7A45ABA41E92297700AF1A9C = {
						CreatedOnToolsVersion = 8.2.1;
						DevelopmentTeam = 9F3KC5MR2C;
						ProvisioningStyle = Automatic;
					};
				};
			};
			buildConfigurationList = 7A45ABA01E92297700AF1A9C /* Build configuration list for PBXProject "sampleAVCaptureMetadataApp" */;
			compatibilityVersion = "Xcode 3.2";
			developmentRegion = English;
			hasScannedForEncodings = 0;
			knownRegions = (
				en,
				Base,
			);
			mainGroup = 7A45AB9C1E92297700AF1A9C;
			productRefGroup = 7A45ABA61E92297700AF1A9C /* Products */;
			projectDirPath = "";
			projectRoot = "";
			targets = (
				7A45ABA41E92297700AF1A9C /* sampleAVCaptureMetadataApp */,
			);
		};
/* End PBXProject section */

/* Begin PBXResourcesBuildPhase section */
		7A45ABA31E92297700AF1A9C /* Resources */ = {
			isa = PBXResourcesBuildPhase;
			buildActionMask = 2147483647;
			files = (
				7A45ABB31E92297700AF1A9C /* LaunchScreen.storyboard in Resources */,
				7A45ABB01E92297700AF1A9C /* Assets.xcassets in Resources */,
				7A45ABAE1E92297700AF1A9C /* Main.storyboard in Resources */,
			);
			runOnlyForDeploymentPostprocessing = 0;
		};
/* End PBXResourcesBuildPhase section */

/* Begin PBXSourcesBuildPhase section */
		7A45ABA11E92297700AF1A9C /* Sources */ = {
			isa = PBXSourcesBuildPhase;
			buildActionMask = 2147483647;
			files = (
				7A45ABAB1E92297700AF1A9C /* ViewController.swift in Sources */,
				7A45ABA91E92297700AF1A9C /* AppDelegate.swift in Sources */,
			);
			runOnlyForDeploymentPostprocessing = 0;
		};
/* End PBXSourcesBuildPhase section */

/* Begin PBXVariantGroup section */
		7A45ABAC1E92297700AF1A9C /* Main.storyboard */ = {
			isa = PBXVariantGroup;
			children = (
				7A45ABAD1E92297700AF1A9C /* Base */,
			);
			name = Main.storyboard;
			sourceTree = "<group>";
		};
		7A45ABB11E92297700AF1A9C /* LaunchScreen.storyboard */ = {
			isa = PBXVariantGroup;
			children = (
				7A45ABB21E92297700AF1A9C /* Base */,
			);
			name = LaunchScreen.storyboard;
			sourceTree = "<group>";
		};
/* End PBXVariantGroup section */

/* Begin XCBuildConfiguration section */
		7A45ABB51E92297700AF1A9C /* Debug */ = {
			isa = XCBuildConfiguration;
			buildSettings = {
				ALWAYS_SEARCH_USER_PATHS = NO;
				CLANG_ANALYZER_NONNULL = YES;
				CLANG_CXX_LANGUAGE_STANDARD = "gnu++0x";
				CLANG_CXX_LIBRARY = "libc++";
				CLANG_ENABLE_MODULES = YES;
				CLANG_ENABLE_OBJC_ARC = YES;
				CLANG_WARN_BOOL_CONVERSION = YES;
				CLANG_WARN_CONSTANT_CONVERSION = YES;
				CLANG_WARN_DIRECT_OBJC_ISA_USAGE = YES_ERROR;
				CLANG_WARN_DOCUMENTATION_COMMENTS = YES;
				CLANG_WARN_EMPTY_BODY = YES;
				CLANG_WARN_ENUM_CONVERSION = YES;
				CLANG_WARN_INFINITE_RECURSION = YES;
				CLANG_WARN_INT_CONVERSION = YES;
				CLANG_WARN_OBJC_ROOT_CLASS = YES_ERROR;
				CLANG_WARN_SUSPICIOUS_MOVE = YES;
				CLANG_WARN_UNREACHABLE_CODE = YES;
				CLANG_WARN__DUPLICATE_METHOD_MATCH = YES;
				"CODE_SIGN_IDENTITY[sdk=iphoneos*]" = "iPhone Developer";
				COPY_PHASE_STRIP = NO;
				DEBUG_INFORMATION_FORMAT = dwarf;
				ENABLE_STRICT_OBJC_MSGSEND = YES;
				ENABLE_TESTABILITY = YES;
				GCC_C_LANGUAGE_STANDARD = gnu99;
				GCC_DYNAMIC_NO_PIC = NO;
				GCC_NO_COMMON_BLOCKS = YES;
				GCC_OPTIMIZATION_LEVEL = 0;
				GCC_PREPROCESSOR_DEFINITIONS = (
					"DEBUG=1",
					"$(inherited)",
				);
				GCC_WARN_64_TO_32_BIT_CONVERSION = YES;
				GCC_WARN_ABOUT_RETURN_TYPE = YES_ERROR;
				GCC_WARN_UNDECLARED_SELECTOR = YES;
				GCC_WARN_UNINITIALIZED_AUTOS = YES_AGGRESSIVE;
				GCC_WARN_UNUSED_FUNCTION = YES;
				GCC_WARN_UNUSED_VARIABLE = YES;
				IPHONEOS_DEPLOYMENT_TARGET = 10.2;
				MTL_ENABLE_DEBUG_INFO = YES;
				ONLY_ACTIVE_ARCH = YES;
				SDKROOT = iphoneos;
				SWIFT_ACTIVE_COMPILATION_CONDITIONS = DEBUG;
				SWIFT_OPTIMIZATION_LEVEL = "-Onone";
			};
			name = Debug;
		};
		7A45ABB61E92297700AF1A9C /* Release */ = {
			isa = XCBuildConfiguration;
			buildSettings = {
				ALWAYS_SEARCH_USER_PATHS = NO;
				CLANG_ANALYZER_NONNULL = YES;
				CLANG_CXX_LANGUAGE_STANDARD = "gnu++0x";
				CLANG_CXX_LIBRARY = "libc++";
				CLANG_ENABLE_MODULES = YES;
				CLANG_ENABLE_OBJC_ARC = YES;
				CLANG_WARN_BOOL_CONVERSION = YES;
				CLANG_WARN_CONSTANT_CONVERSION = YES;
				CLANG_WARN_DIRECT_OBJC_ISA_USAGE = YES_ERROR;
				CLANG_WARN_DOCUMENTATION_COMMENTS = YES;
				CLANG_WARN_EMPTY_BODY = YES;
				CLANG_WARN_ENUM_CONVERSION = YES;
				CLANG_WARN_INFINITE_RECURSION = YES;
				CLANG_WARN_INT_CONVERSION = YES;
				CLANG_WARN_OBJC_ROOT_CLASS = YES_ERROR;
				CLANG_WARN_SUSPICIOUS_MOVE = YES;
				CLANG_WARN_UNREACHABLE_CODE = YES;
				CLANG_WARN__DUPLICATE_METHOD_MATCH = YES;
				"CODE_SIGN_IDENTITY[sdk=iphoneos*]" = "iPhone Developer";
				COPY_PHASE_STRIP = NO;
				DEBUG_INFORMATION_FORMAT = "dwarf-with-dsym";
				ENABLE_NS_ASSERTIONS = NO;
				ENABLE_STRICT_OBJC_MSGSEND = YES;
				GCC_C_LANGUAGE_STANDARD = gnu99;
				GCC_NO_COMMON_BLOCKS = YES;
				GCC_WARN_64_TO_32_BIT_CONVERSION = YES;
				GCC_WARN_ABOUT_RETURN_TYPE = YES_ERROR;
				GCC_WARN_UNDECLARED_SELECTOR = YES;
				GCC_WARN_UNINITIALIZED_AUTOS = YES_AGGRESSIVE;
				GCC_WARN_UNUSED_FUNCTION = YES;
				GCC_WARN_UNUSED_VARIABLE = YES;
				IPHONEOS_DEPLOYMENT_TARGET = 10.2;
				MTL_ENABLE_DEBUG_INFO = NO;
				SDKROOT = iphoneos;
				SWIFT_OPTIMIZATION_LEVEL = "-Owholemodule";
				VALIDATE_PRODUCT = YES;
			};
			name = Release;
		};
		7A45ABB81E92297700AF1A9C /* Debug */ = {
			isa = XCBuildConfiguration;
			buildSettings = {
				ASSETCATALOG_COMPILER_APPICON_NAME = AppIcon;
				DEVELOPMENT_TEAM = 9F3KC5MR2C;
				INFOPLIST_FILE = sampleAVCaptureMetadataApp/Info.plist;
				LD_RUNPATH_SEARCH_PATHS = "$(inherited) @executable_path/Frameworks";
				PRODUCT_BUNDLE_IDENTIFIER = com.geelive.sampleAVCaptureMetadataApp;
				PRODUCT_NAME = "$(TARGET_NAME)";
				SWIFT_VERSION = 3.0;
			};
			name = Debug;
		};
		7A45ABB91E92297700AF1A9C /* Release */ = {
			isa = XCBuildConfiguration;
			buildSettings = {
				ASSETCATALOG_COMPILER_APPICON_NAME = AppIcon;
				DEVELOPMENT_TEAM = 9F3KC5MR2C;
				INFOPLIST_FILE = sampleAVCaptureMetadataApp/Info.plist;
				LD_RUNPATH_SEARCH_PATHS = "$(inherited) @executable_path/Frameworks";
				PRODUCT_BUNDLE_IDENTIFIER = com.geelive.sampleAVCaptureMetadataApp;
				PRODUCT_NAME = "$(TARGET_NAME)";
				SWIFT_VERSION = 3.0;
			};
			name = Release;
		};
/* End XCBuildConfiguration section */

/* Begin XCConfigurationList section */
		7A45ABA01E92297700AF1A9C /* Build configuration list for PBXProject "sampleAVCaptureMetadataApp" */ = {
			isa = XCConfigurationList;
			buildConfigurations = (
				7A45ABB51E92297700AF1A9C /* Debug */,
				7A45ABB61E92297700AF1A9C /* Release */,
			);
			defaultConfigurationIsVisible = 0;
			defaultConfigurationName = Release;
		};
		7A45ABB71E92297700AF1A9C /* Build configuration list for PBXNativeTarget "sampleAVCaptureMetadataApp" */ = {
			isa = XCConfigurationList;
			buildConfigurations = (
				7A45ABB81E92297700AF1A9C /* Debug */,
				7A45ABB91E92297700AF1A9C /* Release */,
			);
			defaultConfigurationIsVisible = 0;
		};
/* End XCConfigurationList section */
	};
	rootObject = 7A45AB9D1E92297700AF1A9C /* Project object */;
}
